
Microsoft Visual Studio Solution File, Format Version 12.00
# Visual Studio Version 16
VisualStudioVersion = 16.0.30717.126
MinimumVisualStudioVersion = 10.0.40219.1
Project("{FAE04EC0-301F-11D3-BF4B-00C04F79EFBC}") = "TwoMassiv", "TwoMassiv.csproj", "{9B4F6AA7-01FD-4A29-9BD1-C8404500FE00}"
EndProject
Global
	GlobalSection(SolutionConfigurationPlatforms) = preSolution
		Debug|Any CPU = Debug|Any CPU
		Release|Any CPU = Release|Any CPU
	EndGlobalSection
	GlobalSection(ProjectConfigurationPlatforms) = postSolution
		{9B4F6AA7-01FD-4A29-9BD1-C8404500FE00}.Debug|Any CPU.ActiveCfg = Debug|Any CPU
		{9B4F6AA7-01FD-4A29-9BD1-C8404500FE00}.Debug|Any CPU.Build.0 = Debug|Any CPU
		{9B4F6AA7-01FD-4A29-9BD1-C8404500FE00}.Release|Any CPU.ActiveCfg = Release|Any CPU
		{9B4F6AA7-01FD-4A29-9BD1-C8404500FE00}.Release|Any CPU.Build.0 = Release|Any CPU
	EndGlobalSection
	GlobalSection(SolutionProperties) = preSolution
		HideSolutionNode = FALSE
	EndGlobalSection
	GlobalSection(ExtensibilityGlobals) = postSolution
		SolutionGuid = {0C040CF8-3D4E-4CC2-91D4-4C8031DF54E9}
	EndGlobalSection
EndGlobal
